// !$*UTF8*$!
{
	archiveVersion = 1;
	classes = {
	};
	objectVersion = 54;
	objects = {

/* Begin PBXBuildFile section */
		00E356F31AD99517003FC87E /* gymTests.m in Sources */ = {isa = PBXBuildFile; fileRef = 00E356F21AD99517003FC87E /* gymTests.m */; };
		13B07FBC1A68108700A75B9A /* AppDelegate.m in Sources */ = {isa = PBXBuildFile; fileRef = 13B07FB01A68108700A75B9A /* AppDelegate.m */; };
		13B07FBF1A68108700A75B9A /* Images.xcassets in Resources */ = {isa = PBXBuildFile; fileRef = 13B07FB51A68108700A75B9A /* Images.xcassets */; };
		13B07FC11A68108700A75B9A /* main.m in Sources */ = {isa = PBXBuildFile; fileRef = 13B07FB71A68108700A75B9A /* main.m */; };
		81AB9BB82411601600AC10FF /* LaunchScreen.storyboard in Resources */ = {isa = PBXBuildFile; fileRef = 81AB9BB72411601600AC10FF /* LaunchScreen.storyboard */; };
		E3416F2678A94AD8970B964C /* MochiyPopOne-Regular.ttf in Resources */ = {isa = PBXBuildFile; fileRef = 4F44E5884699436CA66A805C /* MochiyPopOne-Regular.ttf */; };
		275245951D9E4B91AD73535C /* Poppins-Black.ttf in Resources */ = {isa = PBXBuildFile; fileRef = AEBC7AD5967E455294A21C06 /* Poppins-Black.ttf */; };
		7DE8570CDCC44A7AB360DC33 /* Poppins-Bold.ttf in Resources */ = {isa = PBXBuildFile; fileRef = 4FED8375E46149598BB6EC0E /* Poppins-Bold.ttf */; };
		35EA7834D5F94883A59E1E0B /* Poppins-ExtraBold.ttf in Resources */ = {isa = PBXBuildFile; fileRef = E925DD0208BB46E1AECBF6B9 /* Poppins-ExtraBold.ttf */; };
		35EA8239EDCC4716A7D53D5A /* Poppins-ExtraLight.ttf in Resources */ = {isa = PBXBuildFile; fileRef = 60627ABC1F6B482E9119DFAC /* Poppins-ExtraLight.ttf */; };
		823B7BAE5AC242C8B2D410AF /* Poppins-Light.ttf in Resources */ = {isa = PBXBuildFile; fileRef = 6EA32F625DF44E4FB27AC339 /* Poppins-Light.ttf */; };
		436B5357E5C84E2EBD7234F5 /* Poppins-Medium.ttf in Resources */ = {isa = PBXBuildFile; fileRef = 6603EE3C470D4A289C16FB1E /* Poppins-Medium.ttf */; };
		70AF3C9FE8024332A4B761CE /* Poppins-Regular.ttf in Resources */ = {isa = PBXBuildFile; fileRef = 071D4E0B8AC141F9807647B0 /* Poppins-Regular.ttf */; };
		A620271BEA6C4AA5B5238618 /* Poppins-Thin.ttf in Resources */ = {isa = PBXBuildFile; fileRef = DFC0612754944C5BA5052352 /* Poppins-Thin.ttf */; };
		F565D2AEC5C141219C8CC568 /* Poppins-SemiBold.ttf in Resources */ = {isa = PBXBuildFile; fileRef = 05B3A8A52CE94CDDBC942097 /* Poppins-SemiBold.ttf */; };
		2E7D78696E3C49E2ACCF2DA4 /* Roboto-Black.ttf in Resources */ = {isa = PBXBuildFile; fileRef = 5A2FD568103542B088B3DB16 /* Roboto-Black.ttf */; };
		7F80842AF27846B78D5D5B8E /* Roboto-Bold.ttf in Resources */ = {isa = PBXBuildFile; fileRef = 7986C711662A4B4AB975EC60 /* Roboto-Bold.ttf */; };
		534471F655F04BBC947EA90D /* Roboto-Light.ttf in Resources */ = {isa = PBXBuildFile; fileRef = D2DDB58D1F9B4903965F4C47 /* Roboto-Light.ttf */; };
		076B5709800F4127B0B538E8 /* Roboto-Medium.ttf in Resources */ = {isa = PBXBuildFile; fileRef = FDCBC3DE06E44FA4836F158A /* Roboto-Medium.ttf */; };
		6C02577D7F8149D284EAB1C3 /* Roboto-Regular.ttf in Resources */ = {isa = PBXBuildFile; fileRef = 651CE153B7944ECE8D4A892B /* Roboto-Regular.ttf */; };
		BCF9EF99D8214C7B914D2F70 /* Fredoka-Bold.ttf in Resources */ = {isa = PBXBuildFile; fileRef = 9248431E4C9A474CBBD668CF /* Fredoka-Bold.ttf */; };
		5B1CA818098348B6998E575E /* Fredoka-Light.ttf in Resources */ = {isa = PBXBuildFile; fileRef = 30BF822037E541FEAA35C7FF /* Fredoka-Light.ttf */; };
		BD7D4A7C65024A4D8DB8452B /* Fredoka-Medium.ttf in Resources */ = {isa = PBXBuildFile; fileRef = E13BB8FA9CC94EBFB0057114 /* Fredoka-Medium.ttf */; };
		34E68C23EEB143738AE5DF4E /* Fredoka-Regular.ttf in Resources */ = {isa = PBXBuildFile; fileRef = 6B147D6CC38D425A9FFAED37 /* Fredoka-Regular.ttf */; };
		EE4E58DF0A414094ABC01328 /* Fredoka-SemiBold.ttf in Resources */ = {isa = PBXBuildFile; fileRef = 601D22F261BF4F08832A7E36 /* Fredoka-SemiBold.ttf */; };
		DE3D57F2760C45DAAA95CF0A /* AntDesign.ttf in Resources */ = {isa = PBXBuildFile; fileRef = E32FCA01EF024016919F5A94 /* AntDesign.ttf */; };
		BBEB92679EBA4383B5005150 /* Entypo.ttf in Resources */ = {isa = PBXBuildFile; fileRef = 185E293D854D40A6BF649E49 /* Entypo.ttf */; };
		5A048DD5105349BBBB758658 /* EvilIcons.ttf in Resources */ = {isa = PBXBuildFile; fileRef = 8C12A888B8E2478DB1BC6F42 /* EvilIcons.ttf */; };
		9F959A9D04644AD086AC3C1C /* Feather.ttf in Resources */ = {isa = PBXBuildFile; fileRef = 2A10FDD6D250409085D5388A /* Feather.ttf */; };
		93E2EE6C10B0406C8AB01CA4 /* FontAwesome.ttf in Resources */ = {isa = PBXBuildFile; fileRef = BF2E1E2D7B984F58A474504B /* FontAwesome.ttf */; };
		4C302B34D6B04368A0C68E7B /* FontAwesome5_Brands.ttf in Resources */ = {isa = PBXBuildFile; fileRef = 57C8288D0947473EA0657B98 /* FontAwesome5_Brands.ttf */; };
		FE86E0F67ABB4DF684B24C32 /* FontAwesome5_Regular.ttf in Resources */ = {isa = PBXBuildFile; fileRef = 915221A7D34A4EF9B1E486FA /* FontAwesome5_Regular.ttf */; };
		F78EFBBA38DE452E9D13E79B /* FontAwesome5_Solid.ttf in Resources */ = {isa = PBXBuildFile; fileRef = 04967BE1374945FDBD71A8C6 /* FontAwesome5_Solid.ttf */; };
		0E48667425BD488C9F46194D /* Fontisto.ttf in Resources */ = {isa = PBXBuildFile; fileRef = 7322A156CD7741BCA31ECBA2 /* Fontisto.ttf */; };
		96AFB12AAB0B415E98D0D038 /* Foundation.ttf in Resources */ = {isa = PBXBuildFile; fileRef = FDB0FFF5BADD45F38D118660 /* Foundation.ttf */; };
		7DFA643AEFA24E319F0A25AE /* Ionicons.ttf in Resources */ = {isa = PBXBuildFile; fileRef = D2C2EC72610C45BAB8887CDA /* Ionicons.ttf */; };
		6CD6FAD00C8F48199A92AEC5 /* MaterialCommunityIcons.ttf in Resources */ = {isa = PBXBuildFile; fileRef = 7960F5A639E8488DA16A58E0 /* MaterialCommunityIcons.ttf */; };
		253A7DAFB9624E80B413FDDE /* MaterialIcons.ttf in Resources */ = {isa = PBXBuildFile; fileRef = 6689A88C118E4626A05660BB /* MaterialIcons.ttf */; };
		495D137006B14612895F5D43 /* Octicons.ttf in Resources */ = {isa = PBXBuildFile; fileRef = C7CF77F3DE954C7B9E0E3C86 /* Octicons.ttf */; };
		5309EC32C653437AA39A8CA7 /* SimpleLineIcons.ttf in Resources */ = {isa = PBXBuildFile; fileRef = 5BB6F34A08C8426AA5A2238C /* SimpleLineIcons.ttf */; };
		45D08DC54DC14409BB3D72FE /* Zocial.ttf in Resources */ = {isa = PBXBuildFile; fileRef = E6076D1D11C74370ACB8EBEA /* Zocial.ttf */; };
/* End PBXBuildFile section */

/* Begin PBXContainerItemProxy section */
		00E356F41AD99517003FC87E /* PBXContainerItemProxy */ = {
			isa = PBXContainerItemProxy;
			containerPortal = 83CBB9F71A601CBA00E9B192 /* Project object */;
			proxyType = 1;
			remoteGlobalIDString = 13B07F861A680F5B00A75B9A;
			remoteInfo = gym;
		};
/* End PBXContainerItemProxy section */

/* Begin PBXFileReference section */
		00E356EE1AD99517003FC87E /* gymTests.xctest */ = {isa = PBXFileReference; explicitFileType = wrapper.cfbundle; includeInIndex = 0; path = gymTests.xctest; sourceTree = BUILT_PRODUCTS_DIR; };
		00E356F11AD99517003FC87E /* Info.plist */ = {isa = PBXFileReference; lastKnownFileType = text.plist.xml; path = Info.plist; sourceTree = "<group>"; };
		00E356F21AD99517003FC87E /* gymTests.m */ = {isa = PBXFileReference; lastKnownFileType = sourcecode.c.objc; path = gymTests.m; sourceTree = "<group>"; };
		13B07F961A680F5B00A75B9A /* gym.app */ = {isa = PBXFileReference; explicitFileType = wrapper.application; includeInIndex = 0; path = gym.app; sourceTree = BUILT_PRODUCTS_DIR; };
		13B07FAF1A68108700A75B9A /* AppDelegate.h */ = {isa = PBXFileReference; fileEncoding = 4; lastKnownFileType = sourcecode.c.h; name = AppDelegate.h; path = gym/AppDelegate.h; sourceTree = "<group>"; };
		13B07FB01A68108700A75B9A /* AppDelegate.m */ = {isa = PBXFileReference; fileEncoding = 4; lastKnownFileType = sourcecode.c.objc; name = AppDelegate.m; path = gym/AppDelegate.m; sourceTree = "<group>"; };
		13B07FB51A68108700A75B9A /* Images.xcassets */ = {isa = PBXFileReference; lastKnownFileType = folder.assetcatalog; name = Images.xcassets; path = gym/Images.xcassets; sourceTree = "<group>"; };
		13B07FB61A68108700A75B9A /* Info.plist */ = {isa = PBXFileReference; fileEncoding = 4; lastKnownFileType = text.plist.xml; name = Info.plist; path = gym/Info.plist; sourceTree = "<group>"; };
		13B07FB71A68108700A75B9A /* main.m */ = {isa = PBXFileReference; fileEncoding = 4; lastKnownFileType = sourcecode.c.objc; name = main.m; path = gym/main.m; sourceTree = "<group>"; };
		81AB9BB72411601600AC10FF /* LaunchScreen.storyboard */ = {isa = PBXFileReference; fileEncoding = 4; lastKnownFileType = file.storyboard; name = LaunchScreen.storyboard; path = gym/LaunchScreen.storyboard; sourceTree = "<group>"; };
		ED297162215061F000B7C4FE /* JavaScriptCore.framework */ = {isa = PBXFileReference; lastKnownFileType = wrapper.framework; name = JavaScriptCore.framework; path = System/Library/Frameworks/JavaScriptCore.framework; sourceTree = SDKROOT; };
		4F44E5884699436CA66A805C /* MochiyPopOne-Regular.ttf */ = {isa = PBXFileReference; name = "MochiyPopOne-Regular.ttf"; path = "../assets/fonts/MochiyPopOne-Regular.ttf"; sourceTree = "<group>"; fileEncoding = undefined; lastKnownFileType = unknown; explicitFileType = undefined; includeInIndex = 0; };
		AEBC7AD5967E455294A21C06 /* Poppins-Black.ttf */ = {isa = PBXFileReference; name = "Poppins-Black.ttf"; path = "../assets/fonts/Poppins-Black.ttf"; sourceTree = "<group>"; fileEncoding = undefined; lastKnownFileType = unknown; explicitFileType = undefined; includeInIndex = 0; };
		4FED8375E46149598BB6EC0E /* Poppins-Bold.ttf */ = {isa = PBXFileReference; name = "Poppins-Bold.ttf"; path = "../assets/fonts/Poppins-Bold.ttf"; sourceTree = "<group>"; fileEncoding = undefined; lastKnownFileType = unknown; explicitFileType = undefined; includeInIndex = 0; };
		E925DD0208BB46E1AECBF6B9 /* Poppins-ExtraBold.ttf */ = {isa = PBXFileReference; name = "Poppins-ExtraBold.ttf"; path = "../assets/fonts/Poppins-ExtraBold.ttf"; sourceTree = "<group>"; fileEncoding = undefined; lastKnownFileType = unknown; explicitFileType = undefined; includeInIndex = 0; };
		60627ABC1F6B482E9119DFAC /* Poppins-ExtraLight.ttf */ = {isa = PBXFileReference; name = "Poppins-ExtraLight.ttf"; path = "../assets/fonts/Poppins-ExtraLight.ttf"; sourceTree = "<group>"; fileEncoding = undefined; lastKnownFileType = unknown; explicitFileType = undefined; includeInIndex = 0; };
		6EA32F625DF44E4FB27AC339 /* Poppins-Light.ttf */ = {isa = PBXFileReference; name = "Poppins-Light.ttf"; path = "../assets/fonts/Poppins-Light.ttf"; sourceTree = "<group>"; fileEncoding = undefined; lastKnownFileType = unknown; explicitFileType = undefined; includeInIndex = 0; };
		6603EE3C470D4A289C16FB1E /* Poppins-Medium.ttf */ = {isa = PBXFileReference; name = "Poppins-Medium.ttf"; path = "../assets/fonts/Poppins-Medium.ttf"; sourceTree = "<group>"; fileEncoding = undefined; lastKnownFileType = unknown; explicitFileType = undefined; includeInIndex = 0; };
		071D4E0B8AC141F9807647B0 /* Poppins-Regular.ttf */ = {isa = PBXFileReference; name = "Poppins-Regular.ttf"; path = "../assets/fonts/Poppins-Regular.ttf"; sourceTree = "<group>"; fileEncoding = undefined; lastKnownFileType = unknown; explicitFileType = undefined; includeInIndex = 0; };
		DFC0612754944C5BA5052352 /* Poppins-Thin.ttf */ = {isa = PBXFileReference; name = "Poppins-Thin.ttf"; path = "../assets/fonts/Poppins-Thin.ttf"; sourceTree = "<group>"; fileEncoding = undefined; lastKnownFileType = unknown; explicitFileType = undefined; includeInIndex = 0; };
		05B3A8A52CE94CDDBC942097 /* Poppins-SemiBold.ttf */ = {isa = PBXFileReference; name = "Poppins-SemiBold.ttf"; path = "../assets/fonts/Poppins-SemiBold.ttf"; sourceTree = "<group>"; fileEncoding = undefined; lastKnownFileType = unknown; explicitFileType = undefined; includeInIndex = 0; };
		5A2FD568103542B088B3DB16 /* Roboto-Black.ttf */ = {isa = PBXFileReference; name = "Roboto-Black.ttf"; path = "../assets/fonts/Roboto-Black.ttf"; sourceTree = "<group>"; fileEncoding = undefined; lastKnownFileType = unknown; explicitFileType = undefined; includeInIndex = 0; };
		7986C711662A4B4AB975EC60 /* Roboto-Bold.ttf */ = {isa = PBXFileReference; name = "Roboto-Bold.ttf"; path = "../assets/fonts/Roboto-Bold.ttf"; sourceTree = "<group>"; fileEncoding = undefined; lastKnownFileType = unknown; explicitFileType = undefined; includeInIndex = 0; };
		D2DDB58D1F9B4903965F4C47 /* Roboto-Light.ttf */ = {isa = PBXFileReference; name = "Roboto-Light.ttf"; path = "../assets/fonts/Roboto-Light.ttf"; sourceTree = "<group>"; fileEncoding = undefined; lastKnownFileType = unknown; explicitFileType = undefined; includeInIndex = 0; };
		FDCBC3DE06E44FA4836F158A /* Roboto-Medium.ttf */ = {isa = PBXFileReference; name = "Roboto-Medium.ttf"; path = "../assets/fonts/Roboto-Medium.ttf"; sourceTree = "<group>"; fileEncoding = undefined; lastKnownFileType = unknown; explicitFileType = undefined; includeInIndex = 0; };
		651CE153B7944ECE8D4A892B /* Roboto-Regular.ttf */ = {isa = PBXFileReference; name = "Roboto-Regular.ttf"; path = "../assets/fonts/Roboto-Regular.ttf"; sourceTree = "<group>"; fileEncoding = undefined; lastKnownFileType = unknown; explicitFileType = undefined; includeInIndex = 0; };
		9248431E4C9A474CBBD668CF /* Fredoka-Bold.ttf */ = {isa = PBXFileReference; name = "Fredoka-Bold.ttf"; path = "../assets/fonts/Fredoka-Bold.ttf"; sourceTree = "<group>"; fileEncoding = undefined; lastKnownFileType = unknown; explicitFileType = undefined; includeInIndex = 0; };
		30BF822037E541FEAA35C7FF /* Fredoka-Light.ttf */ = {isa = PBXFileReference; name = "Fredoka-Light.ttf"; path = "../assets/fonts/Fredoka-Light.ttf"; sourceTree = "<group>"; fileEncoding = undefined; lastKnownFileType = unknown; explicitFileType = undefined; includeInIndex = 0; };
		E13BB8FA9CC94EBFB0057114 /* Fredoka-Medium.ttf */ = {isa = PBXFileReference; name = "Fredoka-Medium.ttf"; path = "../assets/fonts/Fredoka-Medium.ttf"; sourceTree = "<group>"; fileEncoding = undefined; lastKnownFileType = unknown; explicitFileType = undefined; includeInIndex = 0; };
		6B147D6CC38D425A9FFAED37 /* Fredoka-Regular.ttf */ = {isa = PBXFileReference; name = "Fredoka-Regular.ttf"; path = "../assets/fonts/Fredoka-Regular.ttf"; sourceTree = "<group>"; fileEncoding = undefined; lastKnownFileType = unknown; explicitFileType = undefined; includeInIndex = 0; };
		601D22F261BF4F08832A7E36 /* Fredoka-SemiBold.ttf */ = {isa = PBXFileReference; name = "Fredoka-SemiBold.ttf"; path = "../assets/fonts/Fredoka-SemiBold.ttf"; sourceTree = "<group>"; fileEncoding = undefined; lastKnownFileType = unknown; explicitFileType = undefined; includeInIndex = 0; };
		E32FCA01EF024016919F5A94 /* AntDesign.ttf */ = {isa = PBXFileReference; name = "AntDesign.ttf"; path = "../node_modules/react-native-vector-icons/Fonts/AntDesign.ttf"; sourceTree = "<group>"; fileEncoding = undefined; lastKnownFileType = unknown; explicitFileType = undefined; includeInIndex = 0; };
		185E293D854D40A6BF649E49 /* Entypo.ttf */ = {isa = PBXFileReference; name = "Entypo.ttf"; path = "../node_modules/react-native-vector-icons/Fonts/Entypo.ttf"; sourceTree = "<group>"; fileEncoding = undefined; lastKnownFileType = unknown; explicitFileType = undefined; includeInIndex = 0; };
		8C12A888B8E2478DB1BC6F42 /* EvilIcons.ttf */ = {isa = PBXFileReference; name = "EvilIcons.ttf"; path = "../node_modules/react-native-vector-icons/Fonts/EvilIcons.ttf"; sourceTree = "<group>"; fileEncoding = undefined; lastKnownFileType = unknown; explicitFileType = undefined; includeInIndex = 0; };
		2A10FDD6D250409085D5388A /* Feather.ttf */ = {isa = PBXFileReference; name = "Feather.ttf"; path = "../node_modules/react-native-vector-icons/Fonts/Feather.ttf"; sourceTree = "<group>"; fileEncoding = undefined; lastKnownFileType = unknown; explicitFileType = undefined; includeInIndex = 0; };
		BF2E1E2D7B984F58A474504B /* FontAwesome.ttf */ = {isa = PBXFileReference; name = "FontAwesome.ttf"; path = "../node_modules/react-native-vector-icons/Fonts/FontAwesome.ttf"; sourceTree = "<group>"; fileEncoding = undefined; lastKnownFileType = unknown; explicitFileType = undefined; includeInIndex = 0; };
		57C8288D0947473EA0657B98 /* FontAwesome5_Brands.ttf */ = {isa = PBXFileReference; name = "FontAwesome5_Brands.ttf"; path = "../node_modules/react-native-vector-icons/Fonts/FontAwesome5_Brands.ttf"; sourceTree = "<group>"; fileEncoding = undefined; lastKnownFileType = unknown; explicitFileType = undefined; includeInIndex = 0; };
		915221A7D34A4EF9B1E486FA /* FontAwesome5_Regular.ttf */ = {isa = PBXFileReference; name = "FontAwesome5_Regular.ttf"; path = "../node_modules/react-native-vector-icons/Fonts/FontAwesome5_Regular.ttf"; sourceTree = "<group>"; fileEncoding = undefined; lastKnownFileType = unknown; explicitFileType = undefined; includeInIndex = 0; };
		04967BE1374945FDBD71A8C6 /* FontAwesome5_Solid.ttf */ = {isa = PBXFileReference; name = "FontAwesome5_Solid.ttf"; path = "../node_modules/react-native-vector-icons/Fonts/FontAwesome5_Solid.ttf"; sourceTree = "<group>"; fileEncoding = undefined; lastKnownFileType = unknown; explicitFileType = undefined; includeInIndex = 0; };
		7322A156CD7741BCA31ECBA2 /* Fontisto.ttf */ = {isa = PBXFileReference; name = "Fontisto.ttf"; path = "../node_modules/react-native-vector-icons/Fonts/Fontisto.ttf"; sourceTree = "<group>"; fileEncoding = undefined; lastKnownFileType = unknown; explicitFileType = undefined; includeInIndex = 0; };
		FDB0FFF5BADD45F38D118660 /* Foundation.ttf */ = {isa = PBXFileReference; name = "Foundation.ttf"; path = "../node_modules/react-native-vector-icons/Fonts/Foundation.ttf"; sourceTree = "<group>"; fileEncoding = undefined; lastKnownFileType = unknown; explicitFileType = undefined; includeInIndex = 0; };
		D2C2EC72610C45BAB8887CDA /* Ionicons.ttf */ = {isa = PBXFileReference; name = "Ionicons.ttf"; path = "../node_modules/react-native-vector-icons/Fonts/Ionicons.ttf"; sourceTree = "<group>"; fileEncoding = undefined; lastKnownFileType = unknown; explicitFileType = undefined; includeInIndex = 0; };
		7960F5A639E8488DA16A58E0 /* MaterialCommunityIcons.ttf */ = {isa = PBXFileReference; name = "MaterialCommunityIcons.ttf"; path = "../node_modules/react-native-vector-icons/Fonts/MaterialCommunityIcons.ttf"; sourceTree = "<group>"; fileEncoding = undefined; lastKnownFileType = unknown; explicitFileType = undefined; includeInIndex = 0; };
		6689A88C118E4626A05660BB /* MaterialIcons.ttf */ = {isa = PBXFileReference; name = "MaterialIcons.ttf"; path = "../node_modules/react-native-vector-icons/Fonts/MaterialIcons.ttf"; sourceTree = "<group>"; fileEncoding = undefined; lastKnownFileType = unknown; explicitFileType = undefined; includeInIndex = 0; };
		C7CF77F3DE954C7B9E0E3C86 /* Octicons.ttf */ = {isa = PBXFileReference; name = "Octicons.ttf"; path = "../node_modules/react-native-vector-icons/Fonts/Octicons.ttf"; sourceTree = "<group>"; fileEncoding = undefined; lastKnownFileType = unknown; explicitFileType = undefined; includeInIndex = 0; };
		5BB6F34A08C8426AA5A2238C /* SimpleLineIcons.ttf */ = {isa = PBXFileReference; name = "SimpleLineIcons.ttf"; path = "../node_modules/react-native-vector-icons/Fonts/SimpleLineIcons.ttf"; sourceTree = "<group>"; fileEncoding = undefined; lastKnownFileType = unknown; explicitFileType = undefined; includeInIndex = 0; };
		E6076D1D11C74370ACB8EBEA /* Zocial.ttf */ = {isa = PBXFileReference; name = "Zocial.ttf"; path = "../node_modules/react-native-vector-icons/Fonts/Zocial.ttf"; sourceTree = "<group>"; fileEncoding = undefined; lastKnownFileType = unknown; explicitFileType = undefined; includeInIndex = 0; };
/* End PBXFileReference section */

/* Begin PBXFrameworksBuildPhase section */
		00E356EB1AD99517003FC87E /* Frameworks */ = {
			isa = PBXFrameworksBuildPhase;
			buildActionMask = 2147483647;
			files = (
			);
			runOnlyForDeploymentPostprocessing = 0;
		};
		13B07F8C1A680F5B00A75B9A /* Frameworks */ = {
			isa = PBXFrameworksBuildPhase;
			buildActionMask = 2147483647;
			files = (
			);
			runOnlyForDeploymentPostprocessing = 0;
		};
/* End PBXFrameworksBuildPhase section */

/* Begin PBXGroup section */
		00E356EF1AD99517003FC87E /* gymTests */ = {
			isa = PBXGroup;
			children = (
				00E356F21AD99517003FC87E /* gymTests.m */,
				00E356F01AD99517003FC87E /* Supporting Files */,
			);
			path = gymTests;
			sourceTree = "<group>";
		};
		00E356F01AD99517003FC87E /* Supporting Files */ = {
			isa = PBXGroup;
			children = (
				00E356F11AD99517003FC87E /* Info.plist */,
			);
			name = "Supporting Files";
			sourceTree = "<group>";
		};
		13B07FAE1A68108700A75B9A /* gym */ = {
			isa = PBXGroup;
			children = (
				13B07FAF1A68108700A75B9A /* AppDelegate.h */,
				13B07FB01A68108700A75B9A /* AppDelegate.m */,
				13B07FB51A68108700A75B9A /* Images.xcassets */,
				13B07FB61A68108700A75B9A /* Info.plist */,
				81AB9BB72411601600AC10FF /* LaunchScreen.storyboard */,
				13B07FB71A68108700A75B9A /* main.m */,
			);
			name = gym;
			sourceTree = "<group>";
		};
		2D16E6871FA4F8E400B85C8A /* Frameworks */ = {
			isa = PBXGroup;
			children = (
				ED297162215061F000B7C4FE /* JavaScriptCore.framework */,
			);
			name = Frameworks;
			sourceTree = "<group>";
		};
		832341AE1AAA6A7D00B99B32 /* Libraries */ = {
			isa = PBXGroup;
			children = (
			);
			name = Libraries;
			sourceTree = "<group>";
		};
		83CBB9F61A601CBA00E9B192 = {
			isa = PBXGroup;
			children = (
				13B07FAE1A68108700A75B9A /* gym */,
				832341AE1AAA6A7D00B99B32 /* Libraries */,
				00E356EF1AD99517003FC87E /* gymTests */,
				83CBBA001A601CBA00E9B192 /* Products */,
				2D16E6871FA4F8E400B85C8A /* Frameworks */,
				D575EA2DB7534C999D8A6D38 /* Resources */,
			);
			indentWidth = 2;
			sourceTree = "<group>";
			tabWidth = 2;
			usesTabs = 0;
		};
		83CBBA001A601CBA00E9B192 /* Products */ = {
			isa = PBXGroup;
			children = (
				13B07F961A680F5B00A75B9A /* gym.app */,
				00E356EE1AD99517003FC87E /* gymTests.xctest */,
			);
			name = Products;
			sourceTree = "<group>";
		};
		D575EA2DB7534C999D8A6D38 /* Resources */ = {
			isa = "PBXGroup";
			children = (
				4F44E5884699436CA66A805C /* MochiyPopOne-Regular.ttf */,
				AEBC7AD5967E455294A21C06 /* Poppins-Black.ttf */,
				4FED8375E46149598BB6EC0E /* Poppins-Bold.ttf */,
				E925DD0208BB46E1AECBF6B9 /* Poppins-ExtraBold.ttf */,
				60627ABC1F6B482E9119DFAC /* Poppins-ExtraLight.ttf */,
				6EA32F625DF44E4FB27AC339 /* Poppins-Light.ttf */,
				6603EE3C470D4A289C16FB1E /* Poppins-Medium.ttf */,
				071D4E0B8AC141F9807647B0 /* Poppins-Regular.ttf */,
				DFC0612754944C5BA5052352 /* Poppins-Thin.ttf */,
				05B3A8A52CE94CDDBC942097 /* Poppins-SemiBold.ttf */,
				5A2FD568103542B088B3DB16 /* Roboto-Black.ttf */,
				7986C711662A4B4AB975EC60 /* Roboto-Bold.ttf */,
				D2DDB58D1F9B4903965F4C47 /* Roboto-Light.ttf */,
				FDCBC3DE06E44FA4836F158A /* Roboto-Medium.ttf */,
				651CE153B7944ECE8D4A892B /* Roboto-Regular.ttf */,
				9248431E4C9A474CBBD668CF /* Fredoka-Bold.ttf */,
				30BF822037E541FEAA35C7FF /* Fredoka-Light.ttf */,
				E13BB8FA9CC94EBFB0057114 /* Fredoka-Medium.ttf */,
				6B147D6CC38D425A9FFAED37 /* Fredoka-Regular.ttf */,
				601D22F261BF4F08832A7E36 /* Fredoka-SemiBold.ttf */,
				E32FCA01EF024016919F5A94 /* AntDesign.ttf */,
				185E293D854D40A6BF649E49 /* Entypo.ttf */,
				8C12A888B8E2478DB1BC6F42 /* EvilIcons.ttf */,
				2A10FDD6D250409085D5388A /* Feather.ttf */,
				BF2E1E2D7B984F58A474504B /* FontAwesome.ttf */,
				57C8288D0947473EA0657B98 /* FontAwesome5_Brands.ttf */,
				915221A7D34A4EF9B1E486FA /* FontAwesome5_Regular.ttf */,
				04967BE1374945FDBD71A8C6 /* FontAwesome5_Solid.ttf */,
				7322A156CD7741BCA31ECBA2 /* Fontisto.ttf */,
				FDB0FFF5BADD45F38D118660 /* Foundation.ttf */,
				D2C2EC72610C45BAB8887CDA /* Ionicons.ttf */,
				7960F5A639E8488DA16A58E0 /* MaterialCommunityIcons.ttf */,
				6689A88C118E4626A05660BB /* MaterialIcons.ttf */,
				C7CF77F3DE954C7B9E0E3C86 /* Octicons.ttf */,
				5BB6F34A08C8426AA5A2238C /* SimpleLineIcons.ttf */,
				E6076D1D11C74370ACB8EBEA /* Zocial.ttf */,
			);
			name = Resources;
			sourceTree = "<group>";
			path = "";
		};
/* End PBXGroup section */

/* Begin PBXNativeTarget section */
		00E356ED1AD99517003FC87E /* gymTests */ = {
			isa = PBXNativeTarget;
			buildConfigurationList = 00E357021AD99517003FC87E /* Build configuration list for PBXNativeTarget "gymTests" */;
			buildPhases = (
				00E356EA1AD99517003FC87E /* Sources */,
				00E356EB1AD99517003FC87E /* Frameworks */,
				00E356EC1AD99517003FC87E /* Resources */,
			);
			buildRules = (
			);
			dependencies = (
				00E356F51AD99517003FC87E /* PBXTargetDependency */,
			);
			name = gymTests;
			productName = gymTests;
			productReference = 00E356EE1AD99517003FC87E /* gymTests.xctest */;
			productType = "com.apple.product-type.bundle.unit-test";
		};
		13B07F861A680F5B00A75B9A /* gym */ = {
			isa = PBXNativeTarget;
			buildConfigurationList = 13B07F931A680F5B00A75B9A /* Build configuration list for PBXNativeTarget "gym" */;
			buildPhases = (
				FD10A7F022414F080027D42C /* Start Packager */,
				13B07F871A680F5B00A75B9A /* Sources */,
				13B07F8C1A680F5B00A75B9A /* Frameworks */,
				13B07F8E1A680F5B00A75B9A /* Resources */,
				00DD1BFF1BD5951E006B06BC /* Bundle React Native code and images */,
			);
			buildRules = (
			);
			dependencies = (
			);
			name = gym;
			productName = gym;
			productReference = 13B07F961A680F5B00A75B9A /* gym.app */;
			productType = "com.apple.product-type.application";
		};
/* End PBXNativeTarget section */

/* Begin PBXProject section */
		83CBB9F71A601CBA00E9B192 /* Project object */ = {
			isa = PBXProject;
			attributes = {
				LastUpgradeCheck = 1210;
				TargetAttributes = {
					00E356ED1AD99517003FC87E = {
						CreatedOnToolsVersion = 6.2;
						TestTargetID = 13B07F861A680F5B00A75B9A;
					};
					13B07F861A680F5B00A75B9A = {
						LastSwiftMigration = 1120;
					};
				};
			};
			buildConfigurationList = 83CBB9FA1A601CBA00E9B192 /* Build configuration list for PBXProject "gym" */;
			compatibilityVersion = "Xcode 12.0";
			developmentRegion = en;
			hasScannedForEncodings = 0;
			knownRegions = (
				en,
				Base,
			);
			mainGroup = 83CBB9F61A601CBA00E9B192;
			productRefGroup = 83CBBA001A601CBA00E9B192 /* Products */;
			projectDirPath = "";
			projectRoot = "";
			targets = (
				13B07F861A680F5B00A75B9A /* gym */,
				00E356ED1AD99517003FC87E /* gymTests */,
			);
		};
/* End PBXProject section */

/* Begin PBXResourcesBuildPhase section */
		00E356EC1AD99517003FC87E /* Resources */ = {
			isa = PBXResourcesBuildPhase;
			buildActionMask = 2147483647;
			files = (
			);
			runOnlyForDeploymentPostprocessing = 0;
		};
		13B07F8E1A680F5B00A75B9A /* Resources */ = {
			isa = PBXResourcesBuildPhase;
			buildActionMask = 2147483647;
			files = (
				81AB9BB82411601600AC10FF /* LaunchScreen.storyboard in Resources */,
				13B07FBF1A68108700A75B9A /* Images.xcassets in Resources */,
				E3416F2678A94AD8970B964C /* MochiyPopOne-Regular.ttf in Resources */,
				275245951D9E4B91AD73535C /* Poppins-Black.ttf in Resources */,
				7DE8570CDCC44A7AB360DC33 /* Poppins-Bold.ttf in Resources */,
				35EA7834D5F94883A59E1E0B /* Poppins-ExtraBold.ttf in Resources */,
				35EA8239EDCC4716A7D53D5A /* Poppins-ExtraLight.ttf in Resources */,
				823B7BAE5AC242C8B2D410AF /* Poppins-Light.ttf in Resources */,
				436B5357E5C84E2EBD7234F5 /* Poppins-Medium.ttf in Resources */,
				70AF3C9FE8024332A4B761CE /* Poppins-Regular.ttf in Resources */,
				A620271BEA6C4AA5B5238618 /* Poppins-Thin.ttf in Resources */,
				F565D2AEC5C141219C8CC568 /* Poppins-SemiBold.ttf in Resources */,
				2E7D78696E3C49E2ACCF2DA4 /* Roboto-Black.ttf in Resources */,
				7F80842AF27846B78D5D5B8E /* Roboto-Bold.ttf in Resources */,
				534471F655F04BBC947EA90D /* Roboto-Light.ttf in Resources */,
				076B5709800F4127B0B538E8 /* Roboto-Medium.ttf in Resources */,
				6C02577D7F8149D284EAB1C3 /* Roboto-Regular.ttf in Resources */,
				BCF9EF99D8214C7B914D2F70 /* Fredoka-Bold.ttf in Resources */,
				5B1CA818098348B6998E575E /* Fredoka-Light.ttf in Resources */,
				BD7D4A7C65024A4D8DB8452B /* Fredoka-Medium.ttf in Resources */,
				34E68C23EEB143738AE5DF4E /* Fredoka-Regular.ttf in Resources */,
				EE4E58DF0A414094ABC01328 /* Fredoka-SemiBold.ttf in Resources */,
				DE3D57F2760C45DAAA95CF0A /* AntDesign.ttf in Resources */,
				BBEB92679EBA4383B5005150 /* Entypo.ttf in Resources */,
				5A048DD5105349BBBB758658 /* EvilIcons.ttf in Resources */,
				9F959A9D04644AD086AC3C1C /* Feather.ttf in Resources */,
				93E2EE6C10B0406C8AB01CA4 /* FontAwesome.ttf in Resources */,
				4C302B34D6B04368A0C68E7B /* FontAwesome5_Brands.ttf in Resources */,
				FE86E0F67ABB4DF684B24C32 /* FontAwesome5_Regular.ttf in Resources */,
				F78EFBBA38DE452E9D13E79B /* FontAwesome5_Solid.ttf in Resources */,
				0E48667425BD488C9F46194D /* Fontisto.ttf in Resources */,
				96AFB12AAB0B415E98D0D038 /* Foundation.ttf in Resources */,
				7DFA643AEFA24E319F0A25AE /* Ionicons.ttf in Resources */,
				6CD6FAD00C8F48199A92AEC5 /* MaterialCommunityIcons.ttf in Resources */,
				253A7DAFB9624E80B413FDDE /* MaterialIcons.ttf in Resources */,
				495D137006B14612895F5D43 /* Octicons.ttf in Resources */,
				5309EC32C653437AA39A8CA7 /* SimpleLineIcons.ttf in Resources */,
				45D08DC54DC14409BB3D72FE /* Zocial.ttf in Resources */,
			);
			runOnlyForDeploymentPostprocessing = 0;
		};
/* End PBXResourcesBuildPhase section */

/* Begin PBXShellScriptBuildPhase section */
		00DD1BFF1BD5951E006B06BC /* Bundle React Native code and images */ = {
			isa = PBXShellScriptBuildPhase;
			buildActionMask = 2147483647;
			files = (
			);
			inputPaths = (
			);
			name = "Bundle React Native code and images";
			outputPaths = (
			);
			runOnlyForDeploymentPostprocessing = 0;
			shellPath = /bin/sh;
			shellScript = "set -e\n\nexport NODE_BINARY=node\n../node_modules/react-native/scripts/react-native-xcode.sh\n";
		};
		FD10A7F022414F080027D42C /* Start Packager */ = {
			isa = PBXShellScriptBuildPhase;
			buildActionMask = 2147483647;
			files = (
			);
			inputFileListPaths = (
			);
			inputPaths = (
			);
			name = "Start Packager";
			outputFileListPaths = (
			);
			outputPaths = (
			);
			runOnlyForDeploymentPostprocessing = 0;
			shellPath = /bin/sh;
			shellScript = "export RCT_METRO_PORT=\"${RCT_METRO_PORT:=8081}\"\necho \"export RCT_METRO_PORT=${RCT_METRO_PORT}\" > \"${SRCROOT}/../node_modules/react-native/scripts/.packager.env\"\nif [ -z \"${RCT_NO_LAUNCH_PACKAGER+xxx}\" ] ; then\n  if nc -w 5 -z localhost ${RCT_METRO_PORT} ; then\n    if ! curl -s \"http://localhost:${RCT_METRO_PORT}/status\" | grep -q \"packager-status:running\" ; then\n      echo \"Port ${RCT_METRO_PORT} already in use, packager is either not running or not running correctly\"\n      exit 2\n    fi\n  else\n    open \"$SRCROOT/../node_modules/react-native/scripts/launchPackager.command\" || echo \"Can't start packager automatically\"\n  fi\nfi\n";
			showEnvVarsInLog = 0;
		};
/* End PBXShellScriptBuildPhase section */

/* Begin PBXSourcesBuildPhase section */
		00E356EA1AD99517003FC87E /* Sources */ = {
			isa = PBXSourcesBuildPhase;
			buildActionMask = 2147483647;
			files = (
				00E356F31AD99517003FC87E /* gymTests.m in Sources */,
			);
			runOnlyForDeploymentPostprocessing = 0;
		};
		13B07F871A680F5B00A75B9A /* Sources */ = {
			isa = PBXSourcesBuildPhase;
			buildActionMask = 2147483647;
			files = (
				13B07FBC1A68108700A75B9A /* AppDelegate.m in Sources */,
				13B07FC11A68108700A75B9A /* main.m in Sources */,
			);
			runOnlyForDeploymentPostprocessing = 0;
		};
/* End PBXSourcesBuildPhase section */

/* Begin PBXTargetDependency section */
		00E356F51AD99517003FC87E /* PBXTargetDependency */ = {
			isa = PBXTargetDependency;
			target = 13B07F861A680F5B00A75B9A /* gym */;
			targetProxy = 00E356F41AD99517003FC87E /* PBXContainerItemProxy */;
		};
/* End PBXTargetDependency section */

/* Begin XCBuildConfiguration section */
		00E356F61AD99517003FC87E /* Debug */ = {
			isa = XCBuildConfiguration;
			buildSettings = {
				BUNDLE_LOADER = "$(TEST_HOST)";
				GCC_PREPROCESSOR_DEFINITIONS = (
					"DEBUG=1",
					"$(inherited)",
				);
				INFOPLIST_FILE = gymTests/Info.plist;
				IPHONEOS_DEPLOYMENT_TARGET = 11.0;
				LD_RUNPATH_SEARCH_PATHS = (
					"$(inherited)",
					"@executable_path/Frameworks",
					"@loader_path/Frameworks",
				);
				OTHER_LDFLAGS = (
					"-ObjC",
					"-lc++",
					"$(inherited)",
				);
				PRODUCT_BUNDLE_IDENTIFIER = "org.reactjs.native.example.$(PRODUCT_NAME:rfc1034identifier)";
				PRODUCT_NAME = "$(TARGET_NAME)";
				TEST_HOST = "$(BUILT_PRODUCTS_DIR)/gym.app/gym";
			};
			name = Debug;
		};
		00E356F71AD99517003FC87E /* Release */ = {
			isa = XCBuildConfiguration;
			buildSettings = {
				BUNDLE_LOADER = "$(TEST_HOST)";
				COPY_PHASE_STRIP = NO;
				INFOPLIST_FILE = gymTests/Info.plist;
				IPHONEOS_DEPLOYMENT_TARGET = 11.0;
				LD_RUNPATH_SEARCH_PATHS = (
					"$(inherited)",
					"@executable_path/Frameworks",
					"@loader_path/Frameworks",
				);
				OTHER_LDFLAGS = (
					"-ObjC",
					"-lc++",
					"$(inherited)",
				);
				PRODUCT_BUNDLE_IDENTIFIER = "org.reactjs.native.example.$(PRODUCT_NAME:rfc1034identifier)";
				PRODUCT_NAME = "$(TARGET_NAME)";
				TEST_HOST = "$(BUILT_PRODUCTS_DIR)/gym.app/gym";
			};
			name = Release;
		};
		13B07F941A680F5B00A75B9A /* Debug */ = {
			isa = XCBuildConfiguration;
			buildSettings = {
				ASSETCATALOG_COMPILER_APPICON_NAME = AppIcon;
				CLANG_ENABLE_MODULES = YES;
				CURRENT_PROJECT_VERSION = 1;
				ENABLE_BITCODE = NO;
				INFOPLIST_FILE = gym/Info.plist;
				LD_RUNPATH_SEARCH_PATHS = (
					"$(inherited)",
					"@executable_path/Frameworks",
				);
				OTHER_LDFLAGS = (
					"$(inherited)",
					"-ObjC",
					"-lc++",
				);
				PRODUCT_BUNDLE_IDENTIFIER = "org.reactjs.native.example.$(PRODUCT_NAME:rfc1034identifier)";
				PRODUCT_NAME = gym;
				SWIFT_OPTIMIZATION_LEVEL = "-Onone";
				SWIFT_VERSION = 5.0;
				VERSIONING_SYSTEM = "apple-generic";
			};
			name = Debug;
		};
		13B07F951A680F5B00A75B9A /* Release */ = {
			isa = XCBuildConfiguration;
			buildSettings = {
				ASSETCATALOG_COMPILER_APPICON_NAME = AppIcon;
				CLANG_ENABLE_MODULES = YES;
				CURRENT_PROJECT_VERSION = 1;
				INFOPLIST_FILE = gym/Info.plist;
				LD_RUNPATH_SEARCH_PATHS = (
					"$(inherited)",
					"@executable_path/Frameworks",
				);
				OTHER_LDFLAGS = (
					"$(inherited)",
					"-ObjC",
					"-lc++",
				);
				PRODUCT_BUNDLE_IDENTIFIER = "org.reactjs.native.example.$(PRODUCT_NAME:rfc1034identifier)";
				PRODUCT_NAME = gym;
				SWIFT_VERSION = 5.0;
				VERSIONING_SYSTEM = "apple-generic";
			};
			name = Release;
		};
		83CBBA201A601CBA00E9B192 /* Debug */ = {
			isa = XCBuildConfiguration;
			buildSettings = {
				ALWAYS_SEARCH_USER_PATHS = NO;
				CLANG_ANALYZER_LOCALIZABILITY_NONLOCALIZED = YES;
				CLANG_CXX_LANGUAGE_STANDARD = "gnu++0x";
				CLANG_CXX_LIBRARY = "libc++";
				CLANG_ENABLE_MODULES = YES;
				CLANG_ENABLE_OBJC_ARC = YES;
				CLANG_WARN_BLOCK_CAPTURE_AUTORELEASING = YES;
				CLANG_WARN_BOOL_CONVERSION = YES;
				CLANG_WARN_COMMA = YES;
				CLANG_WARN_CONSTANT_CONVERSION = YES;
				CLANG_WARN_DEPRECATED_OBJC_IMPLEMENTATIONS = YES;
				CLANG_WARN_DIRECT_OBJC_ISA_USAGE = YES_ERROR;
				CLANG_WARN_EMPTY_BODY = YES;
				CLANG_WARN_ENUM_CONVERSION = YES;
				CLANG_WARN_INFINITE_RECURSION = YES;
				CLANG_WARN_INT_CONVERSION = YES;
				CLANG_WARN_NON_LITERAL_NULL_CONVERSION = YES;
				CLANG_WARN_OBJC_IMPLICIT_RETAIN_SELF = YES;
				CLANG_WARN_OBJC_LITERAL_CONVERSION = YES;
				CLANG_WARN_OBJC_ROOT_CLASS = YES_ERROR;
				CLANG_WARN_QUOTED_INCLUDE_IN_FRAMEWORK_HEADER = YES;
				CLANG_WARN_RANGE_LOOP_ANALYSIS = YES;
				CLANG_WARN_STRICT_PROTOTYPES = YES;
				CLANG_WARN_SUSPICIOUS_MOVE = YES;
				CLANG_WARN_UNREACHABLE_CODE = YES;
				CLANG_WARN__DUPLICATE_METHOD_MATCH = YES;
				"CODE_SIGN_IDENTITY[sdk=iphoneos*]" = "iPhone Developer";
				COPY_PHASE_STRIP = NO;
				ENABLE_STRICT_OBJC_MSGSEND = YES;
				ENABLE_TESTABILITY = YES;
				GCC_C_LANGUAGE_STANDARD = gnu99;
				GCC_DYNAMIC_NO_PIC = NO;
				GCC_NO_COMMON_BLOCKS = YES;
				GCC_OPTIMIZATION_LEVEL = 0;
				GCC_PREPROCESSOR_DEFINITIONS = (
					"DEBUG=1",
					"$(inherited)",
				);
				GCC_SYMBOLS_PRIVATE_EXTERN = NO;
				GCC_WARN_64_TO_32_BIT_CONVERSION = YES;
				GCC_WARN_ABOUT_RETURN_TYPE = YES_ERROR;
				GCC_WARN_UNDECLARED_SELECTOR = YES;
				GCC_WARN_UNINITIALIZED_AUTOS = YES_AGGRESSIVE;
				GCC_WARN_UNUSED_FUNCTION = YES;
				GCC_WARN_UNUSED_VARIABLE = YES;
				IPHONEOS_DEPLOYMENT_TARGET = 11.0;
				LD_RUNPATH_SEARCH_PATHS = (
					/usr/lib/swift,
					"$(inherited)",
				);
				LIBRARY_SEARCH_PATHS = (
					"\"$(SDKROOT)/usr/lib/swift\"",
					"\"$(TOOLCHAIN_DIR)/usr/lib/swift/$(PLATFORM_NAME)\"",
					"\"$(inherited)\"",
				);
				MTL_ENABLE_DEBUG_INFO = YES;
				ONLY_ACTIVE_ARCH = YES;
				SDKROOT = iphoneos;
			};
			name = Debug;
		};
		83CBBA211A601CBA00E9B192 /* Release */ = {
			isa = XCBuildConfiguration;
			buildSettings = {
				ALWAYS_SEARCH_USER_PATHS = NO;
				CLANG_ANALYZER_LOCALIZABILITY_NONLOCALIZED = YES;
				CLANG_CXX_LANGUAGE_STANDARD = "gnu++0x";
				CLANG_CXX_LIBRARY = "libc++";
				CLANG_ENABLE_MODULES = YES;
				CLANG_ENABLE_OBJC_ARC = YES;
				CLANG_WARN_BLOCK_CAPTURE_AUTORELEASING = YES;
				CLANG_WARN_BOOL_CONVERSION = YES;
				CLANG_WARN_COMMA = YES;
				CLANG_WARN_CONSTANT_CONVERSION = YES;
				CLANG_WARN_DEPRECATED_OBJC_IMPLEMENTATIONS = YES;
				CLANG_WARN_DIRECT_OBJC_ISA_USAGE = YES_ERROR;
				CLANG_WARN_EMPTY_BODY = YES;
				CLANG_WARN_ENUM_CONVERSION = YES;
				CLANG_WARN_INFINITE_RECURSION = YES;
				CLANG_WARN_INT_CONVERSION = YES;
				CLANG_WARN_NON_LITERAL_NULL_CONVERSION = YES;
				CLANG_WARN_OBJC_IMPLICIT_RETAIN_SELF = YES;
				CLANG_WARN_OBJC_LITERAL_CONVERSION = YES;
				CLANG_WARN_OBJC_ROOT_CLASS = YES_ERROR;
				CLANG_WARN_QUOTED_INCLUDE_IN_FRAMEWORK_HEADER = YES;
				CLANG_WARN_RANGE_LOOP_ANALYSIS = YES;
				CLANG_WARN_STRICT_PROTOTYPES = YES;
				CLANG_WARN_SUSPICIOUS_MOVE = YES;
				CLANG_WARN_UNREACHABLE_CODE = YES;
				CLANG_WARN__DUPLICATE_METHOD_MATCH = YES;
				"CODE_SIGN_IDENTITY[sdk=iphoneos*]" = "iPhone Developer";
				COPY_PHASE_STRIP = YES;
				ENABLE_NS_ASSERTIONS = NO;
				ENABLE_STRICT_OBJC_MSGSEND = YES;
				GCC_C_LANGUAGE_STANDARD = gnu99;
				GCC_NO_COMMON_BLOCKS = YES;
				GCC_WARN_64_TO_32_BIT_CONVERSION = YES;
				GCC_WARN_ABOUT_RETURN_TYPE = YES_ERROR;
				GCC_WARN_UNDECLARED_SELECTOR = YES;
				GCC_WARN_UNINITIALIZED_AUTOS = YES_AGGRESSIVE;
				GCC_WARN_UNUSED_FUNCTION = YES;
				GCC_WARN_UNUSED_VARIABLE = YES;
				IPHONEOS_DEPLOYMENT_TARGET = 11.0;
				LD_RUNPATH_SEARCH_PATHS = (
					/usr/lib/swift,
					"$(inherited)",
				);
				LIBRARY_SEARCH_PATHS = (
					"\"$(SDKROOT)/usr/lib/swift\"",
					"\"$(TOOLCHAIN_DIR)/usr/lib/swift/$(PLATFORM_NAME)\"",
					"\"$(inherited)\"",
				);
				MTL_ENABLE_DEBUG_INFO = NO;
				SDKROOT = iphoneos;
				VALIDATE_PRODUCT = YES;
			};
			name = Release;
		};
/* End XCBuildConfiguration section */

/* Begin XCConfigurationList section */
		00E357021AD99517003FC87E /* Build configuration list for PBXNativeTarget "gymTests" */ = {
			isa = XCConfigurationList;
			buildConfigurations = (
				00E356F61AD99517003FC87E /* Debug */,
				00E356F71AD99517003FC87E /* Release */,
			);
			defaultConfigurationIsVisible = 0;
			defaultConfigurationName = Release;
		};
		13B07F931A680F5B00A75B9A /* Build configuration list for PBXNativeTarget "gym" */ = {
			isa = XCConfigurationList;
			buildConfigurations = (
				13B07F941A680F5B00A75B9A /* Debug */,
				13B07F951A680F5B00A75B9A /* Release */,
			);
			defaultConfigurationIsVisible = 0;
			defaultConfigurationName = Release;
		};
		83CBB9FA1A601CBA00E9B192 /* Build configuration list for PBXProject "gym" */ = {
			isa = XCConfigurationList;
			buildConfigurations = (
				83CBBA201A601CBA00E9B192 /* Debug */,
				83CBBA211A601CBA00E9B192 /* Release */,
			);
			defaultConfigurationIsVisible = 0;
			defaultConfigurationName = Release;
		};
/* End XCConfigurationList section */
	};
	rootObject = 83CBB9F71A601CBA00E9B192 /* Project object */;
}
